
Microsoft Visual Studio Solution File, Format Version 12.00
# Visual Studio 15
VisualStudioVersion = 15.0.28010.2026
MinimumVisualStudioVersion = 10.0.40219.1
Project("{FAE04EC0-301F-11D3-BF4B-00C04F79EFBC}") = "WindowsFormsApp1", "WindowsFormsApp1\WindowsFormsApp1.csproj", "{8FB94AEC-B62C-481C-87AD-6FFC8F286747}"
EndProject
Global
	GlobalSection(SolutionConfigurationPlatforms) = preSolution
		Debug|Any CPU = Debug|Any CPU
		Release|Any CPU = Release|Any CPU
	EndGlobalSection
	GlobalSection(ProjectConfigurationPlatforms) = postSolution
		{8FB94AEC-B62C-481C-87AD-6FFC8F286747}.Debug|Any CPU.ActiveCfg = Debug|Any CPU
		{8FB94AEC-B62C-481C-87AD-6FFC8F286747}.Debug|Any CPU.Build.0 = Debug|Any CPU
		{8FB94AEC-B62C-481C-87AD-6FFC8F286747}.Release|Any CPU.ActiveCfg = Release|Any CPU
		{8FB94AEC-B62C-481C-87AD-6FFC8F286747}.Release|Any CPU.Build.0 = Release|Any CPU
	EndGlobalSection
	GlobalSection(SolutionProperties) = preSolution
		HideSolutionNode = FALSE
	EndGlobalSection
	GlobalSection(ExtensibilityGlobals) = postSolution
		SolutionGuid = {30258753-996D-4E28-9E55-5F440F59D199}
	EndGlobalSection
EndGlobal
